// !$*UTF8*$!
{
	archiveVersion = 1;
	classes = {
	};
	objectVersion = 46;
	objects = {

/* Begin PBXBuildFile section */
		67EFE3E714F3904500C8A4DC /* Arsenal.a in Frameworks */ = {isa = PBXBuildFile; fileRef = 67EFE3E614F3904500C8A4DC /* Arsenal.a */; };
		BE8B9AF214F2BB090034EEA0 /* NSString_Convert.m in Sources */ = {isa = PBXBuildFile; fileRef = BE8B9AF114F2BB090034EEA0 /* NSString_Convert.m */; };
		BEE095A314F24120007B93C2 /* UIKit.framework in Frameworks */ = {isa = PBXBuildFile; fileRef = BEE095A214F24120007B93C2 /* UIKit.framework */; };
		BEE095A514F24120007B93C2 /* Foundation.framework in Frameworks */ = {isa = PBXBuildFile; fileRef = BEE095A414F24120007B93C2 /* Foundation.framework */; };
		BEE095A714F24120007B93C2 /* CoreGraphics.framework in Frameworks */ = {isa = PBXBuildFile; fileRef = BEE095A614F24120007B93C2 /* CoreGraphics.framework */; };
		BEE095AD14F24120007B93C2 /* InfoPlist.strings in Resources */ = {isa = PBXBuildFile; fileRef = BEE095AB14F24120007B93C2 /* InfoPlist.strings */; };
		BEE095AF14F24120007B93C2 /* main.m in Sources */ = {isa = PBXBuildFile; fileRef = BEE095AE14F24120007B93C2 /* main.m */; };
		BEE095B314F24120007B93C2 /* AppDelegate.m in Sources */ = {isa = PBXBuildFile; fileRef = BEE095B214F24120007B93C2 /* AppDelegate.m */; };
		BEE095B614F24120007B93C2 /* ViewController.m in Sources */ = {isa = PBXBuildFile; fileRef = BEE095B514F24120007B93C2 /* ViewController.m */; };
		BEE095B914F24120007B93C2 /* ViewController.xib in Resources */ = {isa = PBXBuildFile; fileRef = BEE095B714F24120007B93C2 /* ViewController.xib */; };
		BEE095D014F241B1007B93C2 /* dabaopku.plist in Resources */ = {isa = PBXBuildFile; fileRef = BEE095CF14F241B1007B93C2 /* dabaopku.plist */; };
		BEE095D314F2426E007B93C2 /* ArsenalWrapper.m in Sources */ = {isa = PBXBuildFile; fileRef = BEE095D214F2426E007B93C2 /* ArsenalWrapper.m */; };
/* End PBXBuildFile section */

/* Begin PBXFileReference section */
		67EFE3E614F3904500C8A4DC /* Arsenal.a */ = {isa = PBXFileReference; lastKnownFileType = archive.ar; name = Arsenal.a; path = "../../../../Library/Developer/Xcode/DerivedData/WirelessController-cmezolmshvtbzdaqfvrllqkdzico/Build/Products/Debug-iphoneos/Arsenal.a"; sourceTree = "<group>"; };
		BE8B9AF014F2BB090034EEA0 /* NSString_Convert.h */ = {isa = PBXFileReference; fileEncoding = 4; lastKnownFileType = sourcecode.c.h; path = NSString_Convert.h; sourceTree = "<group>"; };
		BE8B9AF114F2BB090034EEA0 /* NSString_Convert.m */ = {isa = PBXFileReference; fileEncoding = 4; lastKnownFileType = sourcecode.c.objc; path = NSString_Convert.m; sourceTree = "<group>"; };
		BEE0959E14F24120007B93C2 /* WiController.app */ = {isa = PBXFileReference; explicitFileType = wrapper.application; includeInIndex = 0; path = WiController.app; sourceTree = BUILT_PRODUCTS_DIR; };
		BEE095A214F24120007B93C2 /* UIKit.framework */ = {isa = PBXFileReference; lastKnownFileType = wrapper.framework; name = UIKit.framework; path = System/Library/Frameworks/UIKit.framework; sourceTree = SDKROOT; };
		BEE095A414F24120007B93C2 /* Foundation.framework */ = {isa = PBXFileReference; lastKnownFileType = wrapper.framework; name = Foundation.framework; path = System/Library/Frameworks/Foundation.framework; sourceTree = SDKROOT; };
		BEE095A614F24120007B93C2 /* CoreGraphics.framework */ = {isa = PBXFileReference; lastKnownFileType = wrapper.framework; name = CoreGraphics.framework; path = System/Library/Frameworks/CoreGraphics.framework; sourceTree = SDKROOT; };
		BEE095AA14F24120007B93C2 /* WiController-Info.plist */ = {isa = PBXFileReference; lastKnownFileType = text.plist.xml; path = "WiController-Info.plist"; sourceTree = "<group>"; };
		BEE095AC14F24120007B93C2 /* en */ = {isa = PBXFileReference; lastKnownFileType = text.plist.strings; name = en; path = en.lproj/InfoPlist.strings; sourceTree = "<group>"; };
		BEE095AE14F24120007B93C2 /* main.m */ = {isa = PBXFileReference; lastKnownFileType = sourcecode.c.objc; path = main.m; sourceTree = "<group>"; };
		BEE095B014F24120007B93C2 /* WiController-Prefix.pch */ = {isa = PBXFileReference; lastKnownFileType = sourcecode.c.h; path = "WiController-Prefix.pch"; sourceTree = "<group>"; };
		BEE095B114F24120007B93C2 /* AppDelegate.h */ = {isa = PBXFileReference; lastKnownFileType = sourcecode.c.h; path = AppDelegate.h; sourceTree = "<group>"; };
		BEE095B214F24120007B93C2 /* AppDelegate.m */ = {isa = PBXFileReference; lastKnownFileType = sourcecode.c.objc; path = AppDelegate.m; sourceTree = "<group>"; };
		BEE095B414F24120007B93C2 /* ViewController.h */ = {isa = PBXFileReference; lastKnownFileType = sourcecode.c.h; path = ViewController.h; sourceTree = "<group>"; };
		BEE095B514F24120007B93C2 /* ViewController.m */ = {isa = PBXFileReference; lastKnownFileType = sourcecode.c.objc; path = ViewController.m; sourceTree = "<group>"; };
		BEE095B814F24120007B93C2 /* en */ = {isa = PBXFileReference; lastKnownFileType = file.xib; name = en; path = en.lproj/ViewController.xib; sourceTree = "<group>"; };
		BEE095CF14F241B1007B93C2 /* dabaopku.plist */ = {isa = PBXFileReference; lastKnownFileType = text.plist; path = dabaopku.plist; sourceTree = "<group>"; };
		BEE095D114F2426E007B93C2 /* ArsenalWrapper.h */ = {isa = PBXFileReference; fileEncoding = 4; lastKnownFileType = sourcecode.c.h; path = ArsenalWrapper.h; sourceTree = "<group>"; };
		BEE095D214F2426E007B93C2 /* ArsenalWrapper.m */ = {isa = PBXFileReference; fileEncoding = 4; lastKnownFileType = sourcecode.c.objc; path = ArsenalWrapper.m; sourceTree = "<group>"; };
/* End PBXFileReference section */

/* Begin PBXFrameworksBuildPhase section */
		BEE0959B14F24120007B93C2 /* Frameworks */ = {
			isa = PBXFrameworksBuildPhase;
			buildActionMask = 2147483647;
			files = (
				67EFE3E714F3904500C8A4DC /* Arsenal.a in Frameworks */,
				BEE095A314F24120007B93C2 /* UIKit.framework in Frameworks */,
				BEE095A514F24120007B93C2 /* Foundation.framework in Frameworks */,
				BEE095A714F24120007B93C2 /* CoreGraphics.framework in Frameworks */,
			);
			runOnlyForDeploymentPostprocessing = 0;
		};
/* End PBXFrameworksBuildPhase section */

/* Begin PBXGroup section */
		BEE0959314F24120007B93C2 = {
			isa = PBXGroup;
			children = (
				67EFE3E614F3904500C8A4DC /* Arsenal.a */,
				BEE095CF14F241B1007B93C2 /* dabaopku.plist */,
				BEE095A814F24120007B93C2 /* WiController */,
				BEE095A114F24120007B93C2 /* Frameworks */,
				BEE0959F14F24120007B93C2 /* Products */,
			);
			sourceTree = "<group>";
		};
		BEE0959F14F24120007B93C2 /* Products */ = {
			isa = PBXGroup;
			children = (
				BEE0959E14F24120007B93C2 /* WiController.app */,
			);
			name = Products;
			sourceTree = "<group>";
		};
		BEE095A114F24120007B93C2 /* Frameworks */ = {
			isa = PBXGroup;
			children = (
				BEE095A214F24120007B93C2 /* UIKit.framework */,
				BEE095A414F24120007B93C2 /* Foundation.framework */,
				BEE095A614F24120007B93C2 /* CoreGraphics.framework */,
			);
			name = Frameworks;
			sourceTree = "<group>";
		};
		BEE095A814F24120007B93C2 /* WiController */ = {
			isa = PBXGroup;
			children = (
				BEE095B114F24120007B93C2 /* AppDelegate.h */,
				BEE095B214F24120007B93C2 /* AppDelegate.m */,
				BEE095B414F24120007B93C2 /* ViewController.h */,
				BEE095B514F24120007B93C2 /* ViewController.m */,
				BEE095B714F24120007B93C2 /* ViewController.xib */,
				BEE095A914F24120007B93C2 /* Supporting Files */,
				BEE095D114F2426E007B93C2 /* ArsenalWrapper.h */,
				BEE095D214F2426E007B93C2 /* ArsenalWrapper.m */,
				BE8B9AF014F2BB090034EEA0 /* NSString_Convert.h */,
				BE8B9AF114F2BB090034EEA0 /* NSString_Convert.m */,
			);
			path = WiController;
			sourceTree = "<group>";
		};
		BEE095A914F24120007B93C2 /* Supporting Files */ = {
			isa = PBXGroup;
			children = (
				BEE095AA14F24120007B93C2 /* WiController-Info.plist */,
				BEE095AB14F24120007B93C2 /* InfoPlist.strings */,
				BEE095AE14F24120007B93C2 /* main.m */,
				BEE095B014F24120007B93C2 /* WiController-Prefix.pch */,
			);
			name = "Supporting Files";
			sourceTree = "<group>";
		};
/* End PBXGroup section */

/* Begin PBXNativeTarget section */
		BEE0959D14F24120007B93C2 /* WiController */ = {
			isa = PBXNativeTarget;
			buildConfigurationList = BEE095BC14F24120007B93C2 /* Build configuration list for PBXNativeTarget "WiController" */;
			buildPhases = (
				BEE0959A14F24120007B93C2 /* Sources */,
				BEE0959B14F24120007B93C2 /* Frameworks */,
				BEE0959C14F24120007B93C2 /* Resources */,
			);
			buildRules = (
			);
			dependencies = (
			);
			name = WiController;
			productName = WiController;
			productReference = BEE0959E14F24120007B93C2 /* WiController.app */;
			productType = "com.apple.product-type.application";
		};
/* End PBXNativeTarget section */

/* Begin PBXProject section */
		BEE0959514F24120007B93C2 /* Project object */ = {
			isa = PBXProject;
			attributes = {
				LastUpgradeCheck = 0420;
				ORGANIZATIONNAME = none;
			};
			buildConfigurationList = BEE0959814F24120007B93C2 /* Build configuration list for PBXProject "WiController" */;
			compatibilityVersion = "Xcode 3.2";
			developmentRegion = English;
			hasScannedForEncodings = 0;
			knownRegions = (
				en,
			);
			mainGroup = BEE0959314F24120007B93C2;
			productRefGroup = BEE0959F14F24120007B93C2 /* Products */;
			projectDirPath = "";
			projectRoot = "";
			targets = (
				BEE0959D14F24120007B93C2 /* WiController */,
			);
		};
/* End PBXProject section */

/* Begin PBXResourcesBuildPhase section */
		BEE0959C14F24120007B93C2 /* Resources */ = {
			isa = PBXResourcesBuildPhase;
			buildActionMask = 2147483647;
			files = (
				BEE095AD14F24120007B93C2 /* InfoPlist.strings in Resources */,
				BEE095B914F24120007B93C2 /* ViewController.xib in Resources */,
				BEE095D014F241B1007B93C2 /* dabaopku.plist in Resources */,
			);
			runOnlyForDeploymentPostprocessing = 0;
		};
/* End PBXResourcesBuildPhase section */

/* Begin PBXSourcesBuildPhase section */
		BEE0959A14F24120007B93C2 /* Sources */ = {
			isa = PBXSourcesBuildPhase;
			buildActionMask = 2147483647;
			files = (
				BEE095AF14F24120007B93C2 /* main.m in Sources */,
				BEE095B314F24120007B93C2 /* AppDelegate.m in Sources */,
				BEE095B614F24120007B93C2 /* ViewController.m in Sources */,
				BEE095D314F2426E007B93C2 /* ArsenalWrapper.m in Sources */,
				BE8B9AF214F2BB090034EEA0 /* NSString_Convert.m in Sources */,
			);
			runOnlyForDeploymentPostprocessing = 0;
		};
/* End PBXSourcesBuildPhase section */

/* Begin PBXVariantGroup section */
		BEE095AB14F24120007B93C2 /* InfoPlist.strings */ = {
			isa = PBXVariantGroup;
			children = (
				BEE095AC14F24120007B93C2 /* en */,
			);
			name = InfoPlist.strings;
			sourceTree = "<group>";
		};
		BEE095B714F24120007B93C2 /* ViewController.xib */ = {
			isa = PBXVariantGroup;
			children = (
				BEE095B814F24120007B93C2 /* en */,
			);
			name = ViewController.xib;
			sourceTree = "<group>";
		};
/* End PBXVariantGroup section */

/* Begin XCBuildConfiguration section */
		BEE095BA14F24120007B93C2 /* Debug */ = {
			isa = XCBuildConfiguration;
			buildSettings = {
				ALWAYS_SEARCH_USER_PATHS = YES;
				ARCHS = "$(ARCHS_STANDARD_32_BIT)";
				CODE_SIGN_ENTITLEMENTS = dabaopku.plist;
				CODE_SIGN_IDENTITY = "iPhone Developer";
				"CODE_SIGN_IDENTITY[sdk=iphoneos*]" = "iPhone Developer";
				CONFIGURATION_BUILD_DIR = "$(BUILD_DIR)/$(CONFIGURATION)$(EFFECTIVE_PLATFORM_NAME)";
				COPY_PHASE_STRIP = NO;
				FRAMEWORK_SEARCH_PATHS = "";
				GCC_C_LANGUAGE_STANDARD = gnu99;
				GCC_DYNAMIC_NO_PIC = NO;
				GCC_OPTIMIZATION_LEVEL = 0;
				GCC_PREPROCESSOR_DEFINITIONS = (
					"DEBUG=1",
					"$(inherited)",
				);
				GCC_SYMBOLS_PRIVATE_EXTERN = NO;
				GCC_VERSION = com.apple.compilers.llvmgcc42;
				GCC_WARN_ABOUT_MISSING_PROTOTYPES = YES;
				GCC_WARN_ABOUT_RETURN_TYPE = YES;
				GCC_WARN_UNUSED_VARIABLE = YES;
				HEADER_SEARCH_PATHS = "";
				INSTALL_PATH = "$(BUILT_PRODUCTS_DIR)";
				IPHONEOS_DEPLOYMENT_TARGET = 5.0;
				LIBRARY_SEARCH_PATHS = "$(BUILT_PRODUCTS_DIR)";
				OBJROOT = "$(SYMROOT)";
				OTHER_LDFLAGS = "";
				PROVISIONING_PROFILE = "";
				SDKROOT = iphoneos;
				SKIP_INSTALL = YES;
				SYMROOT = build;
				USER_HEADER_SEARCH_PATHS = ../Library/Arsenal/Arsenal;
			};
			name = Debug;
		};
		BEE095BB14F24120007B93C2 /* Release */ = {
			isa = XCBuildConfiguration;
			buildSettings = {
				ALWAYS_SEARCH_USER_PATHS = YES;
				ARCHS = "$(ARCHS_STANDARD_32_BIT)";
				CODE_SIGN_ENTITLEMENTS = dabaopku.plist;
				CODE_SIGN_IDENTITY = "iPhone Developer";
				"CODE_SIGN_IDENTITY[sdk=iphoneos*]" = "iPhone Developer";
				COPY_PHASE_STRIP = YES;
				FRAMEWORK_SEARCH_PATHS = "";
				GCC_C_LANGUAGE_STANDARD = gnu99;
				GCC_PREPROCESSOR_DEFINITIONS = "NDEBUG=1";
				GCC_VERSION = com.apple.compilers.llvmgcc42;
				GCC_WARN_ABOUT_MISSING_PROTOTYPES = YES;
				GCC_WARN_ABOUT_RETURN_TYPE = YES;
				GCC_WARN_UNUSED_VARIABLE = YES;
				HEADER_SEARCH_PATHS = "";
				INSTALL_PATH = "$(BUILT_PRODUCTS_DIR)";
				IPHONEOS_DEPLOYMENT_TARGET = 5.0;
				LIBRARY_SEARCH_PATHS = "$(BUILT_PRODUCTS_DIR)";
				OBJROOT = "$(SYMROOT)";
				OTHER_CFLAGS = "-DNS_BLOCK_ASSERTIONS=1";
				OTHER_LDFLAGS = "";
				PROVISIONING_PROFILE = "";
				SDKROOT = iphoneos;
				SKIP_INSTALL = YES;
				SYMROOT = build;
				USER_HEADER_SEARCH_PATHS = ../Library/Arsenal/Arsenal;
				VALIDATE_PRODUCT = YES;
			};
			name = Release;
		};
		BEE095BD14F24120007B93C2 /* Debug */ = {
			isa = XCBuildConfiguration;
			buildSettings = {
				GCC_PRECOMPILE_PREFIX_HEADER = YES;
				GCC_PREFIX_HEADER = "WiController/WiController-Prefix.pch";
				INFOPLIST_FILE = "WiController/WiController-Info.plist";
				INSTALL_PATH = "$(BUILT_PRODUCTS_DIR)";
				LIBRARY_SEARCH_PATHS = (
					"$(inherited)",
					"\"$(SRCROOT)/../../../../Library/Developer/Xcode/DerivedData/WirelessController-cmezolmshvtbzdaqfvrllqkdzico/Build/Products/Debug-iphoneos\"",
				);
				OTHER_LDFLAGS = "";
				PRODUCT_NAME = "$(TARGET_NAME)";
				WRAPPER_EXTENSION = app;
			};
			name = Debug;
		};
		BEE095BE14F24120007B93C2 /* Release */ = {
			isa = XCBuildConfiguration;
			buildSettings = {
				GCC_PRECOMPILE_PREFIX_HEADER = YES;
				GCC_PREFIX_HEADER = "WiController/WiController-Prefix.pch";
				INFOPLIST_FILE = "WiController/WiController-Info.plist";
				INSTALL_PATH = "$(BUILT_PRODUCTS_DIR)";
				LIBRARY_SEARCH_PATHS = (
					"$(inherited)",
					"\"$(SRCROOT)/../../../../Library/Developer/Xcode/DerivedData/WirelessController-cmezolmshvtbzdaqfvrllqkdzico/Build/Products/Debug-iphoneos\"",
				);
				OTHER_LDFLAGS = "";
				PRODUCT_NAME = "$(TARGET_NAME)";
				WRAPPER_EXTENSION = app;
			};
			name = Release;
		};
/* End XCBuildConfiguration section */

/* Begin XCConfigurationList section */
		BEE0959814F24120007B93C2 /* Build configuration list for PBXProject "WiController" */ = {
			isa = XCConfigurationList;
			buildConfigurations = (
				BEE095BA14F24120007B93C2 /* Debug */,
				BEE095BB14F24120007B93C2 /* Release */,
			);
			defaultConfigurationIsVisible = 0;
			defaultConfigurationName = Release;
		};
		BEE095BC14F24120007B93C2 /* Build configuration list for PBXNativeTarget "WiController" */ = {
			isa = XCConfigurationList;
			buildConfigurations = (
				BEE095BD14F24120007B93C2 /* Debug */,
				BEE095BE14F24120007B93C2 /* Release */,
			);
			defaultConfigurationIsVisible = 0;
			defaultConfigurationName = Release;
		};
/* End XCConfigurationList section */
	};
	rootObject = BEE0959514F24120007B93C2 /* Project object */;
}
